
Microsoft Visual Studio Solution File, Format Version 12.00
# Visual Studio Version 17
VisualStudioVersion = 17.9.34701.34
MinimumVisualStudioVersion = 10.0.40219.1
Project("{FAE04EC0-301F-11D3-BF4B-00C04F79EFBC}") = "MyPortfolio", "MyPortfolio\MyPortfolio.csproj", "{D111BF76-944A-468E-9397-EF5F229B4CCD}"
EndProject
Global
	GlobalSection(SolutionConfigurationPlatforms) = preSolution
		Debug|Any CPU = Debug|Any CPU
		Release|Any CPU = Release|Any CPU
	EndGlobalSection
	GlobalSection(ProjectConfigurationPlatforms) = postSolution
		{D111BF76-944A-468E-9397-EF5F229B4CCD}.Debug|Any CPU.ActiveCfg = Debug|Any CPU
		{D111BF76-944A-468E-9397-EF5F229B4CCD}.Debug|Any CPU.Build.0 = Debug|Any CPU
		{D111BF76-944A-468E-9397-EF5F229B4CCD}.Release|Any CPU.ActiveCfg = Release|Any CPU
		{D111BF76-944A-468E-9397-EF5F229B4CCD}.Release|Any CPU.Build.0 = Release|Any CPU
	EndGlobalSection
	GlobalSection(SolutionProperties) = preSolution
		HideSolutionNode = FALSE
	EndGlobalSection
	GlobalSection(ExtensibilityGlobals) = postSolution
		SolutionGuid = {423A7240-035C-41AA-8913-F51D42A8641C}
	EndGlobalSection
EndGlobal
